# THIS IS AN AUTOGENERATED FILE. DO NOT EDIT THIS FILE DIRECTLY.
# yarn lockfile v1


bcrypto@~5.4.0:
  version "5.4.0"
  resolved "https://registry.yarnpkg.com/bcrypto/-/bcrypto-5.4.0.tgz#4046f0c44a4b301eff84de593b4f86fce8d91db2"
  integrity sha512-KDX2CR29o6ZoqpQndcCxFZAtYA1jDMnXU3jmCfzP44g++Cu7AHHtZN/JbrN/MXAg9SLvtQ8XISG+eVD9zH1+Jg==
  dependencies:
    bufio "~1.0.7"
    loady "~0.0.5"

bfile@~0.2.2:
  version "0.2.2"
  resolved "https://registry.yarnpkg.com/bfile/-/bfile-0.2.2.tgz#b0c205cee1ff22a9525304ec51f09195a7afa077"
  integrity sha512-X205SsJ7zFAnjeJ/pBLqDqF10x/4Su3pBy8UdVKw4hdGJk7t5pLoRi+uG4rPaDAClGbrEfT/06PGUbYiMYKzTg==

bheep@~0.1.5:
  version "0.1.5"
  resolved "https://registry.yarnpkg.com/bheep/-/bheep-0.1.5.tgz#ed6a3da7857c8ebe71d71de9571ddd8f42340889"
  integrity sha512-0KR5Zi8hgJBKL35+aYzndCTtgSGakOMxrYw2uszd5UmXTIfx3+drPGoETlVbQ6arTdAzSoQYA1j35vbaWpQXBg==
  dependencies:
    bsert "~0.0.10"

binet@~0.3.6:
  version "0.3.7"
  resolved "https://registry.yarnpkg.com/binet/-/binet-0.3.7.tgz#cac52697dd266537607e7e1024e78c6de4229cf6"
  integrity sha512-GF+QD4ajs3GWabaVzso7Kn9aZEbwI0e54FKU2ID8bM/7rIk7BpSJytB1KS7SMpix+fWAi9MAGkOgSFljl0aaKg==
  dependencies:
    bs32 "~0.1.5"
    bsert "~0.0.10"

bns-plus@^0.15.2:
  version "0.15.2"
  resolved "https://registry.yarnpkg.com/bns-plus/-/bns-plus-0.15.2.tgz#42c5f5329ca295424fbda25aee77410140a7dd93"
  integrity sha512-WTKqiBowPb+alo7/bFs1AkzphT+IDRCkq6msPztFrEanNRbFooXG+XtjF5iPXItbcN5me717jGVnuD8kAfn+NQ==
  dependencies:
    bcrypto "~5.4.0"
    bfile "~0.2.2"
    bheep "~0.1.5"
    binet "~0.3.6"
    bs32 "~0.1.6"
    bsert "~0.0.10"
    btcp "~0.1.5"
    budp "~0.1.6"
    bufio "~1.0.7"
  optionalDependencies:
    unbound "~0.4.3"

bs32@~0.1.5, bs32@~0.1.6:
  version "0.1.6"
  resolved "https://registry.yarnpkg.com/bs32/-/bs32-0.1.6.tgz#2710cb70da3f55447138181fa645e2c54b1ef6d0"
  integrity sha512-usjDesQqZ8ihHXOnOEQuAdymBHnJEfSd+aELFSg1jN/V3iAf12HrylHlRJwIt6DTMmXpBDQ+YBg3Q3DIYdhRgQ==
  dependencies:
    bsert "~0.0.10"

bsert@~0.0.10:
  version "0.0.10"
  resolved "https://registry.yarnpkg.com/bsert/-/bsert-0.0.10.tgz#231ac82873a1418c6ade301ab5cd9ae385895597"
  integrity sha512-NHNwlac+WPy4t2LoNh8pXk8uaIGH3NSaIUbTTRXGpE2WEbq0te/tDykYHkFK57YKLPjv/aGHmbqvnGeVWDz57Q==

btcp@~0.1.5:
  version "0.1.5"
  resolved "https://registry.yarnpkg.com/btcp/-/btcp-0.1.5.tgz#f76262415a0f6eaa592cdbb91c8b18386530ac28"
  integrity sha512-tkrtMDxeJorn5p0KxaLXELneT8AbfZMpOFeoKYZ5qCCMMSluNuwut7pGccLC5YOJqmuk0DR774vNVQLC9sNq/A==

budp@~0.1.6:
  version "0.1.6"
  resolved "https://registry.yarnpkg.com/budp/-/budp-0.1.6.tgz#bbe166cc4842cf8d96754ee29afb1af56f6757c8"
  integrity sha512-o+a8NPq3DhV91j4nInjht2md6mbU1XL+7ciPltP66rw5uD3KP1m5r8lA94LZVaPKcFdJ0l2HVVzRNxnY26Pefg==

bufio@~1.0.7:
  version "1.0.7"
  resolved "https://registry.yarnpkg.com/bufio/-/bufio-1.0.7.tgz#b7f63a1369a0829ed64cc14edf0573b3e382a33e"
  integrity sha512-bd1dDQhiC+bEbEfg56IdBv7faWa6OipMs/AFFFvtFnB3wAYjlwQpQRZ0pm6ZkgtfL0pILRXhKxOiQj6UzoMR7A==

data-uri-to-buffer@^4.0.0:
  version "4.0.0"
  resolved "https://registry.yarnpkg.com/data-uri-to-buffer/-/data-uri-to-buffer-4.0.0.tgz#b5db46aea50f6176428ac05b73be39a57701a64b"
  integrity sha512-Vr3mLBA8qWmcuschSLAOogKgQ/Jwxulv3RNE4FXnYWRGujzrRWQI4m12fQqRkwX06C0KanhLr4hK+GydchZsaA==

fetch-blob@^3.1.2, fetch-blob@^3.1.4:
  version "3.2.0"
  resolved "https://registry.yarnpkg.com/fetch-blob/-/fetch-blob-3.2.0.tgz#f09b8d4bbd45adc6f0c20b7e787e793e309dcce9"
  integrity sha512-7yAQpD2UMJzLi1Dqv7qFYnPbaPx7ZfFK6PiIxQ4PfkGPyNyl2Ugx+a/umUonmKqjhM4DnfbMvdX6otXq83soQQ==
  dependencies:
    node-domexception "^1.0.0"
    web-streams-polyfill "^3.0.3"

formdata-polyfill@^4.0.10:
  version "4.0.10"
  resolved "https://registry.yarnpkg.com/formdata-polyfill/-/formdata-polyfill-4.0.10.tgz#24807c31c9d402e002ab3d8c720144ceb8848423"
  integrity sha512-buewHzMvYL29jdeQTVILecSaZKnt/RJWjoZCF5OW60Z67/GmSLBkOFM7qh1PI3zFNtJbaZL5eQu1vLfazOwj4g==
  dependencies:
    fetch-blob "^3.1.2"

json5@^2.2.1:
  version "2.2.1"
  resolved "https://registry.yarnpkg.com/json5/-/json5-2.2.1.tgz#655d50ed1e6f95ad1a3caababd2b0efda10b395c"
  integrity sha512-1hqLFMSrGHRHxav9q9gNjJ5EXznIxGVO09xQRrwplcS8qs28pZ8s8hupZAmqDwZUmVZ2Qb2jnyPOWcDH8m8dlA==

loady@~0.0.5:
  version "0.0.5"
  resolved "https://registry.yarnpkg.com/loady/-/loady-0.0.5.tgz#b17adb52d2fb7e743f107b0928ba0b591da5d881"
  integrity sha512-uxKD2HIj042/HBx77NBcmEPsD+hxCgAtjEWlYNScuUjIsh/62Uyu39GOR68TBR68v+jqDL9zfftCWoUo4y03sQ==

node-domexception@^1.0.0:
  version "1.0.0"
  resolved "https://registry.yarnpkg.com/node-domexception/-/node-domexception-1.0.0.tgz#6888db46a1f71c0b76b3f7555016b63fe64766e5"
  integrity sha512-/jKZoMpw0F8GRwl4/eLROPA3cfcXtLApP0QzLmUT/HuPCZWyB7IY9ZrMeKw2O/nFIqPQB3PVM9aYm0F312AXDQ==

node-fetch@^3.3.0:
  version "3.3.0"
  resolved "https://registry.yarnpkg.com/node-fetch/-/node-fetch-3.3.0.tgz#37e71db4ecc257057af828d523a7243d651d91e4"
  integrity sha512-BKwRP/O0UvoMKp7GNdwPlObhYGB5DQqwhEDQlNKuoqwVYSxkSZCSbHjnFFmUEtwSKRPU4kNK8PbDYYitwaE3QA==
  dependencies:
    data-uri-to-buffer "^4.0.0"
    fetch-blob "^3.1.4"
    formdata-polyfill "^4.0.10"

unbound@~0.4.3:
  version "0.4.3"
  resolved "https://registry.yarnpkg.com/unbound/-/unbound-0.4.3.tgz#ca4e9a3c8b678df431ec576385acc8bff9aa439a"
  integrity sha512-2ISqZLXtzp1l9f1V8Yr6S+zuhXxEwE1CjKHjXULFDHJcfhc9Gm3mn19hdPp4rlNGEdCivKYGKjYe3WRGnafYdA==
  dependencies:
    loady "~0.0.5"

web-streams-polyfill@^3.0.3:
  version "3.2.1"
  resolved "https://registry.yarnpkg.com/web-streams-polyfill/-/web-streams-polyfill-3.2.1.tgz#71c2718c52b45fd49dbeee88634b3a60ceab42a6"
  integrity sha512-e0MO3wdXWKrLbL0DgGnUV7WHVuw9OUvL4hjgnPkIeEvESk74gAITi5G606JtZPp39cd8HA9VQzCIvA49LpPN5Q==
